
Microsoft Visual Studio Solution File, Format Version 12.00
# Visual Studio Version 17
VisualStudioVersion = 17.14.36414.22 d17.14
MinimumVisualStudioVersion = 10.0.40219.1
Project("{FAE04EC0-301F-11D3-BF4B-00C04F79EFBC}") = "TranslationFiesta.WinUI", "TranslationFiesta.WinUI.csproj", "{F37EF775-B0C7-FDF6-3F9F-EA74D193949E}"
EndProject
Global
	GlobalSection(SolutionConfigurationPlatforms) = preSolution
		Debug|Any CPU = Debug|Any CPU
		Release|Any CPU = Release|Any CPU
	EndGlobalSection
	GlobalSection(ProjectConfigurationPlatforms) = postSolution
		{F37EF775-B0C7-FDF6-3F9F-EA74D193949E}.Debug|Any CPU.ActiveCfg = Debug|Any CPU
		{F37EF775-B0C7-FDF6-3F9F-EA74D193949E}.Debug|Any CPU.Build.0 = Debug|Any CPU
		{F37EF775-B0C7-FDF6-3F9F-EA74D193949E}.Release|Any CPU.ActiveCfg = Release|Any CPU
		{F37EF775-B0C7-FDF6-3F9F-EA74D193949E}.Release|Any CPU.Build.0 = Release|Any CPU
	EndGlobalSection
	GlobalSection(SolutionProperties) = preSolution
		HideSolutionNode = FALSE
	EndGlobalSection
	GlobalSection(ExtensibilityGlobals) = postSolution
		SolutionGuid = {8E595A3E-20C9-4C7C-BFAC-C0F029D4E765}
	EndGlobalSection
EndGlobal
