GEM
  remote: https://rubygems.org/
  specs:
    activesupport (8.1.2)
      base64
      bigdecimal
      concurrent-ruby (~> 1.0, >= 1.3.1)
      connection_pool (>= 2.2.5)
      drb
      i18n (>= 1.6, < 2)
      json
      logger (>= 1.4.2)
      minitest (>= 5.1)
      securerandom (>= 0.3)
      tzinfo (~> 2.0, >= 2.0.5)
      uri (>= 0.13.1)
    addressable (2.8.8)
      public_suffix (>= 2.0.2, < 8.0)
    archive-zip (0.13.1)
      io-like (~> 0.4.0)
    ast (2.4.3)
    base64 (0.3.0)
    bigdecimal (3.3.1)
    byebug (13.0.0)
      reline (>= 0.6.0)
    coderay (1.1.3)
    concurrent-ruby (1.3.6)
    connection_pool (3.0.2)
    diff-lcs (1.6.2)
    docx (0.10.0)
      nokogiri (~> 1.13, >= 1.13.0)
      rubyzip (>= 2.0, < 4)
    drb (2.2.3)
    easy_translate (0.5.1)
      thread
      thread_safe
    epub-cfi (0.1.4)
      racc
    epub-parser (0.5.0)
      addressable (>= 2.3.5)
      archive-zip (>= 0.13.0)
      epub-cfi
      rchardet (>= 1.6.1)
      rexml
    factory_bot (6.5.6)
      activesupport (>= 6.1.0)
    fast_blank (1.0.1)
    i18n (1.14.8)
      concurrent-ruby (~> 1.0)
    io-console (0.8.2)
    io-like (0.4.0)
    json (2.18.1)
    language_server-protocol (3.17.0.5)
    lint_roller (1.1.0)
    logger (1.7.0)
    matrix (0.4.3)
    method_source (1.1.0)
    mini_portile2 (2.8.9)
    minitest (6.0.2)
      drb (~> 2.0)
      prism (~> 1.5)
    mustermann (3.0.4)
      ruby2_keywords (~> 0.0.1)
    nio4r (2.7.5)
    nokogiri (1.19.1)
      mini_portile2 (~> 2.8.2)
      racc (~> 1.4)
    nokogiri (1.19.1-aarch64-linux-gnu)
      racc (~> 1.4)
    nokogiri (1.19.1-arm64-darwin)
      racc (~> 1.4)
    nokogiri (1.19.1-x64-mingw-ucrt)
      racc (~> 1.4)
    nokogiri (1.19.1-x86_64-darwin)
      racc (~> 1.4)
    nokogiri (1.19.1-x86_64-linux-gnu)
      racc (~> 1.4)
    observer (0.1.2)
    parallel (1.27.0)
    parser (3.3.10.2)
      ast (~> 2.4.1)
      racc
    pdf-core (0.10.0)
    prawn (2.5.0)
      matrix (~> 0.4)
      pdf-core (~> 0.10.0)
      ttfunk (~> 1.8)
    prawn-table (0.2.2)
      prawn (>= 1.3.0, < 3.0.0)
    prism (1.9.0)
    pry (0.16.0)
      coderay (~> 1.1)
      method_source (~> 1.0)
      reline (>= 0.6.0)
    pry-byebug (3.12.0)
      byebug (~> 13.0)
      pry (>= 0.13, < 0.17)
    public_suffix (7.0.2)
    puma (7.2.0)
      nio4r (~> 2.0)
    racc (1.8.1)
    rack (3.2.5)
    rack-protection (4.2.1)
      base64 (>= 0.1.0)
      logger (>= 1.6.0)
      rack (>= 3.0.0, < 4)
    rack-session (2.1.1)
      base64 (>= 0.1.0)
      rack (>= 3.0.0)
    rack-test (2.2.0)
      rack (>= 1.3)
    rackup (2.3.1)
      rack (>= 3)
    rainbow (3.1.1)
    rchardet (1.10.0)
    regexp_parser (2.11.3)
    reline (0.6.3)
      io-console (~> 0.5)
    rexml (3.4.4)
    rouge (4.7.0)
    rspec (3.13.2)
      rspec-core (~> 3.13.0)
      rspec-expectations (~> 3.13.0)
      rspec-mocks (~> 3.13.0)
    rspec-core (3.13.6)
      rspec-support (~> 3.13.0)
    rspec-expectations (3.13.5)
      diff-lcs (>= 1.2.0, < 2.0)
      rspec-support (~> 3.13.0)
    rspec-mocks (3.13.7)
      diff-lcs (>= 1.2.0, < 2.0)
      rspec-support (~> 3.13.0)
    rspec-support (3.13.7)
    rubocop (1.84.2)
      json (~> 2.3)
      language_server-protocol (~> 3.17.0.2)
      lint_roller (~> 1.1.0)
      parallel (~> 1.10)
      parser (>= 3.3.0.2)
      rainbow (>= 2.2.2, < 4.0)
      regexp_parser (>= 2.9.3, < 3.0)
      rubocop-ast (>= 1.49.0, < 2.0)
      ruby-progressbar (~> 1.7)
      unicode-display_width (>= 2.4.0, < 4.0)
    rubocop-ast (1.49.0)
      parser (>= 3.3.7.2)
      prism (~> 1.7)
    rubocop-rspec (3.9.0)
      lint_roller (~> 1.1)
      rubocop (~> 1.81)
    ruby-progressbar (1.13.0)
    ruby2_keywords (0.0.5)
    rubyzip (3.2.2)
    securerandom (0.4.1)
    sinatra (4.2.1)
      logger (>= 1.6.0)
      mustermann (~> 3.0)
      rack (>= 3.0.0, < 4)
      rack-protection (= 4.2.1)
      rack-session (>= 2.0.0, < 3)
      tilt (~> 2.0)
    sqlite3 (2.9.0)
      mini_portile2 (~> 2.8.0)
    sqlite3 (2.9.0-aarch64-linux-gnu)
    sqlite3 (2.9.0-arm64-darwin)
    sqlite3 (2.9.0-x64-mingw-ucrt)
    sqlite3 (2.9.0-x86_64-darwin)
    sqlite3 (2.9.0-x86_64-linux-gnu)
    thread (0.2.2)
    thread_safe (0.3.6)
    tilt (2.7.0)
    ttfunk (1.8.0)
      bigdecimal (~> 3.1)
    tzinfo (2.0.6)
      concurrent-ruby (~> 1.0)
    unicode-display_width (3.2.0)
      unicode-emoji (~> 4.1)
    unicode-emoji (4.2.0)
    uri (1.1.1)

PLATFORMS
  aarch64-linux
  aarch64-mingw-ucrt
  arm64-darwin
  ruby
  x64-mingw-ucrt
  x86_64-darwin
  x86_64-linux

DEPENDENCIES
  concurrent-ruby (~> 1.3)
  docx (~> 0.10)
  easy_translate (~> 0.5.1)
  epub-parser (~> 0.5)
  factory_bot (~> 6.5)
  fast_blank (~> 1.0.0)
  matrix (~> 0.4)
  nokogiri (>= 1.19)
  observer (~> 0.1)
  prawn (~> 2.5)
  prawn-table (~> 0.2.2)
  pry (~> 0.16)
  pry-byebug (~> 3.12)
  puma (~> 7.2)
  rack-test (~> 2.2)
  rackup (~> 2.3)
  rouge (~> 4.7)
  rspec (~> 3.13)
  rspec-mocks (~> 3.13)
  rubocop (~> 1.84)
  rubocop-rspec (~> 3.9)
  sinatra (~> 4.2)
  sqlite3 (~> 2.9)

RUBY VERSION
   ruby 3.4.8p72

BUNDLED WITH
   2.6.9
